
Microsoft Visual Studio Solution File, Format Version 12.00
# Visual Studio Version 17
VisualStudioVersion = 17.5.33424.131
MinimumVisualStudioVersion = 10.0.40219.1
Project("{FAE04EC0-301F-11D3-BF4B-00C04F79EFBC}") = "Demo2023-1", "Demo2023-1\Demo2023-1.csproj", "{8C1E3C3E-65EC-45C9-91D1-4D1A881C7F0C}"
EndProject
Project("{FAE04EC0-301F-11D3-BF4B-00C04F79EFBC}") = "lab01-01", "lab01\lab01-01.csproj", "{3C2FF6F0-7538-4F2B-BB3D-83658A5467F4}"
EndProject
Project("{FAE04EC0-301F-11D3-BF4B-00C04F79EFBC}") = "lab01-03", "lab01-03\lab01-03.csproj", "{36B202E4-9AB4-41A4-B5CA-1683C1165896}"
EndProject
Global
	GlobalSection(SolutionConfigurationPlatforms) = preSolution
		Debug|Any CPU = Debug|Any CPU
		Release|Any CPU = Release|Any CPU
	EndGlobalSection
	GlobalSection(ProjectConfigurationPlatforms) = postSolution
		{8C1E3C3E-65EC-45C9-91D1-4D1A881C7F0C}.Debug|Any CPU.ActiveCfg = Debug|Any CPU
		{8C1E3C3E-65EC-45C9-91D1-4D1A881C7F0C}.Debug|Any CPU.Build.0 = Debug|Any CPU
		{8C1E3C3E-65EC-45C9-91D1-4D1A881C7F0C}.Release|Any CPU.ActiveCfg = Release|Any CPU
		{8C1E3C3E-65EC-45C9-91D1-4D1A881C7F0C}.Release|Any CPU.Build.0 = Release|Any CPU
		{3C2FF6F0-7538-4F2B-BB3D-83658A5467F4}.Debug|Any CPU.ActiveCfg = Debug|Any CPU
		{3C2FF6F0-7538-4F2B-BB3D-83658A5467F4}.Debug|Any CPU.Build.0 = Debug|Any CPU
		{3C2FF6F0-7538-4F2B-BB3D-83658A5467F4}.Release|Any CPU.ActiveCfg = Release|Any CPU
		{3C2FF6F0-7538-4F2B-BB3D-83658A5467F4}.Release|Any CPU.Build.0 = Release|Any CPU
		{36B202E4-9AB4-41A4-B5CA-1683C1165896}.Debug|Any CPU.ActiveCfg = Debug|Any CPU
		{36B202E4-9AB4-41A4-B5CA-1683C1165896}.Debug|Any CPU.Build.0 = Debug|Any CPU
		{36B202E4-9AB4-41A4-B5CA-1683C1165896}.Release|Any CPU.ActiveCfg = Release|Any CPU
		{36B202E4-9AB4-41A4-B5CA-1683C1165896}.Release|Any CPU.Build.0 = Release|Any CPU
	EndGlobalSection
	GlobalSection(SolutionProperties) = preSolution
		HideSolutionNode = FALSE
	EndGlobalSection
	GlobalSection(ExtensibilityGlobals) = postSolution
		SolutionGuid = {E775892B-37BB-4971-A1BC-A0425F066716}
	EndGlobalSection
EndGlobal
